// !$*UTF8*$!
{
	archiveVersion = 1;
	classes = {
	};
	objectVersion = 56;
	objects = {

/* Begin PBXBuildFile section */
		72120C782C6CF4A300EB46EE /* AddProductSheetViewController2.swift in Sources */ = {isa = PBXBuildFile; fileRef = 72120C772C6CF4A300EB46EE /* AddProductSheetViewController2.swift */; };
		72120C7D2C6D03DC00EB46EE /* InstructionLabel.swift in Sources */ = {isa = PBXBuildFile; fileRef = 72120C7C2C6D03DC00EB46EE /* InstructionLabel.swift */; };
		72120C7F2C6D06C300EB46EE /* MainTitleLabel.swift in Sources */ = {isa = PBXBuildFile; fileRef = 72120C7E2C6D06C300EB46EE /* MainTitleLabel.swift */; };
		72120C812C6D08FF00EB46EE /* SecondaryTitleLabel.swift in Sources */ = {isa = PBXBuildFile; fileRef = 72120C802C6D08FF00EB46EE /* SecondaryTitleLabel.swift */; };
		721F02DF2C64F55200A98803 /* LoginViewController.swift in Sources */ = {isa = PBXBuildFile; fileRef = 721F02D32C64F55200A98803 /* LoginViewController.swift */; };
		721F02E02C64F55200A98803 /* SignupViewController.swift in Sources */ = {isa = PBXBuildFile; fileRef = 721F02D42C64F55200A98803 /* SignupViewController.swift */; };
		721F02E22C64F55200A98803 /* CategoriesCollectionViewCell.swift in Sources */ = {isa = PBXBuildFile; fileRef = 721F02D72C64F55200A98803 /* CategoriesCollectionViewCell.swift */; };
		721F02E32C64F55200A98803 /* CategoriesViewController.swift in Sources */ = {isa = PBXBuildFile; fileRef = 721F02D82C64F55200A98803 /* CategoriesViewController.swift */; };
		721F02E52C64F55200A98803 /* OnboardViewController.swift in Sources */ = {isa = PBXBuildFile; fileRef = 721F02DA2C64F55200A98803 /* OnboardViewController.swift */; };
		721F02E62C64F55200A98803 /* SettingsViewController.swift in Sources */ = {isa = PBXBuildFile; fileRef = 721F02DB2C64F55200A98803 /* SettingsViewController.swift */; };
		721F02E72C64F55200A98803 /* SubcategoryViewController.swift in Sources */ = {isa = PBXBuildFile; fileRef = 721F02DC2C64F55200A98803 /* SubcategoryViewController.swift */; };
		721F02E82C64F55200A98803 /* TabBarViewController.swift in Sources */ = {isa = PBXBuildFile; fileRef = 721F02DD2C64F55200A98803 /* TabBarViewController.swift */; };
		721F02ED2C64F56700A98803 /* ActionButton.swift in Sources */ = {isa = PBXBuildFile; fileRef = 721F02E92C64F56700A98803 /* ActionButton.swift */; };
		721F02EE2C64F56700A98803 /* EmailTextField.swift in Sources */ = {isa = PBXBuildFile; fileRef = 721F02EA2C64F56700A98803 /* EmailTextField.swift */; };
		721F02EF2C64F56700A98803 /* PasswordTextField.swift in Sources */ = {isa = PBXBuildFile; fileRef = 721F02EB2C64F56700A98803 /* PasswordTextField.swift */; };
		721F02F52C64F57D00A98803 /* ServerResponses.swift in Sources */ = {isa = PBXBuildFile; fileRef = 721F02F12C64F57D00A98803 /* ServerResponses.swift */; };
		721F02F62C64F57D00A98803 /* SignupUserRequest.swift in Sources */ = {isa = PBXBuildFile; fileRef = 721F02F22C64F57D00A98803 /* SignupUserRequest.swift */; };
		72309C002C64F49900880153 /* AppDelegate.swift in Sources */ = {isa = PBXBuildFile; fileRef = 72309BFF2C64F49900880153 /* AppDelegate.swift */; };
		72309C092C64F49A00880153 /* Assets.xcassets in Resources */ = {isa = PBXBuildFile; fileRef = 72309C082C64F49A00880153 /* Assets.xcassets */; };
		724AA9FB2C6F3D9000974B3B /* BottomActionButton.swift in Sources */ = {isa = PBXBuildFile; fileRef = 724AA9FA2C6F3D9000974B3B /* BottomActionButton.swift */; };
		724B612B2C64F648000B4E0B /* AuthService.swift in Sources */ = {isa = PBXBuildFile; fileRef = 724B61252C64F648000B4E0B /* AuthService.swift */; };
		724B612C2C64F648000B4E0B /* Constants.swift in Sources */ = {isa = PBXBuildFile; fileRef = 724B61262C64F648000B4E0B /* Constants.swift */; };
		724B612D2C64F648000B4E0B /* Endpoints.swift in Sources */ = {isa = PBXBuildFile; fileRef = 724B61272C64F648000B4E0B /* Endpoints.swift */; };
		724B612E2C64F648000B4E0B /* HTTP.swift in Sources */ = {isa = PBXBuildFile; fileRef = 724B61282C64F648000B4E0B /* HTTP.swift */; };
		7266FC3D2C650D5C005C6BDD /* ProductViewController.swift in Sources */ = {isa = PBXBuildFile; fileRef = 7266FC3C2C650D5C005C6BDD /* ProductViewController.swift */; };
		7266FC402C6513BF005C6BDD /* ProductsViewController.swift in Sources */ = {isa = PBXBuildFile; fileRef = 7266FC3F2C6513BF005C6BDD /* ProductsViewController.swift */; };
		726A25732C65F07D0002E858 /* Kingfisher in Frameworks */ = {isa = PBXBuildFile; productRef = 726A25722C65F07D0002E858 /* Kingfisher */; };
		726A25762C661D500002E858 /* Product.swift in Sources */ = {isa = PBXBuildFile; fileRef = 726A25752C661D500002E858 /* Product.swift */; };
		7289E0252C6CAF31001D3899 /* AddProductSheetViewController1.swift in Sources */ = {isa = PBXBuildFile; fileRef = 7289E0242C6CAF31001D3899 /* AddProductSheetViewController1.swift */; };
		72B7D8582C6902FE00E9F938 /* EditSubcategorySheetViewController.swift in Sources */ = {isa = PBXBuildFile; fileRef = 72B7D8572C6902FE00E9F938 /* EditSubcategorySheetViewController.swift */; };
		72C2BBC02C677AAF00D9F53E /* RightBarButton.swift in Sources */ = {isa = PBXBuildFile; fileRef = 72C2BBBF2C677AAF00D9F53E /* RightBarButton.swift */; };
		72C2BBC62C67835A00D9F53E /* WishlistViewController.swift in Sources */ = {isa = PBXBuildFile; fileRef = 72C2BBC52C67835A00D9F53E /* WishlistViewController.swift */; };
		72E633052C68D00900C47D6D /* AddSubcategorySheetViewController.swift in Sources */ = {isa = PBXBuildFile; fileRef = 72E633042C68D00900C47D6D /* AddSubcategorySheetViewController.swift */; };
/* End PBXBuildFile section */

/* Begin PBXFileReference section */
		72120C772C6CF4A300EB46EE /* AddProductSheetViewController2.swift */ = {isa = PBXFileReference; lastKnownFileType = sourcecode.swift; path = AddProductSheetViewController2.swift; sourceTree = "<group>"; };
		72120C7C2C6D03DC00EB46EE /* InstructionLabel.swift */ = {isa = PBXFileReference; lastKnownFileType = sourcecode.swift; path = InstructionLabel.swift; sourceTree = "<group>"; };
		72120C7E2C6D06C300EB46EE /* MainTitleLabel.swift */ = {isa = PBXFileReference; lastKnownFileType = sourcecode.swift; path = MainTitleLabel.swift; sourceTree = "<group>"; };
		72120C802C6D08FF00EB46EE /* SecondaryTitleLabel.swift */ = {isa = PBXFileReference; lastKnownFileType = sourcecode.swift; path = SecondaryTitleLabel.swift; sourceTree = "<group>"; };
		721F02D32C64F55200A98803 /* LoginViewController.swift */ = {isa = PBXFileReference; fileEncoding = 4; lastKnownFileType = sourcecode.swift; path = LoginViewController.swift; sourceTree = "<group>"; };
		721F02D42C64F55200A98803 /* SignupViewController.swift */ = {isa = PBXFileReference; fileEncoding = 4; lastKnownFileType = sourcecode.swift; path = SignupViewController.swift; sourceTree = "<group>"; };
		721F02D72C64F55200A98803 /* CategoriesCollectionViewCell.swift */ = {isa = PBXFileReference; fileEncoding = 4; lastKnownFileType = sourcecode.swift; path = CategoriesCollectionViewCell.swift; sourceTree = "<group>"; };
		721F02D82C64F55200A98803 /* CategoriesViewController.swift */ = {isa = PBXFileReference; fileEncoding = 4; lastKnownFileType = sourcecode.swift; path = CategoriesViewController.swift; sourceTree = "<group>"; };
		721F02DA2C64F55200A98803 /* OnboardViewController.swift */ = {isa = PBXFileReference; fileEncoding = 4; lastKnownFileType = sourcecode.swift; path = OnboardViewController.swift; sourceTree = "<group>"; };
		721F02DB2C64F55200A98803 /* SettingsViewController.swift */ = {isa = PBXFileReference; fileEncoding = 4; lastKnownFileType = sourcecode.swift; path = SettingsViewController.swift; sourceTree = "<group>"; };
		721F02DC2C64F55200A98803 /* SubcategoryViewController.swift */ = {isa = PBXFileReference; fileEncoding = 4; lastKnownFileType = sourcecode.swift; path = SubcategoryViewController.swift; sourceTree = "<group>"; };
		721F02DD2C64F55200A98803 /* TabBarViewController.swift */ = {isa = PBXFileReference; fileEncoding = 4; lastKnownFileType = sourcecode.swift; path = TabBarViewController.swift; sourceTree = "<group>"; };
		721F02E92C64F56700A98803 /* ActionButton.swift */ = {isa = PBXFileReference; fileEncoding = 4; lastKnownFileType = sourcecode.swift; path = ActionButton.swift; sourceTree = "<group>"; };
		721F02EA2C64F56700A98803 /* EmailTextField.swift */ = {isa = PBXFileReference; fileEncoding = 4; lastKnownFileType = sourcecode.swift; path = EmailTextField.swift; sourceTree = "<group>"; };
		721F02EB2C64F56700A98803 /* PasswordTextField.swift */ = {isa = PBXFileReference; fileEncoding = 4; lastKnownFileType = sourcecode.swift; path = PasswordTextField.swift; sourceTree = "<group>"; };
		721F02F12C64F57D00A98803 /* ServerResponses.swift */ = {isa = PBXFileReference; fileEncoding = 4; lastKnownFileType = sourcecode.swift; path = ServerResponses.swift; sourceTree = "<group>"; };
		721F02F22C64F57D00A98803 /* SignupUserRequest.swift */ = {isa = PBXFileReference; fileEncoding = 4; lastKnownFileType = sourcecode.swift; path = SignupUserRequest.swift; sourceTree = "<group>"; };
		72309BFC2C64F49900880153 /* BeautyVault-ios.app */ = {isa = PBXFileReference; explicitFileType = wrapper.application; includeInIndex = 0; path = "BeautyVault-ios.app"; sourceTree = BUILT_PRODUCTS_DIR; };
		72309BFF2C64F49900880153 /* AppDelegate.swift */ = {isa = PBXFileReference; lastKnownFileType = sourcecode.swift; path = AppDelegate.swift; sourceTree = "<group>"; };
		72309C082C64F49A00880153 /* Assets.xcassets */ = {isa = PBXFileReference; lastKnownFileType = folder.assetcatalog; path = Assets.xcassets; sourceTree = "<group>"; };
		72309C0D2C64F49A00880153 /* Info.plist */ = {isa = PBXFileReference; lastKnownFileType = text.plist.xml; path = Info.plist; sourceTree = "<group>"; };
		724AA9FA2C6F3D9000974B3B /* BottomActionButton.swift */ = {isa = PBXFileReference; lastKnownFileType = sourcecode.swift; path = BottomActionButton.swift; sourceTree = "<group>"; };
		724B61252C64F648000B4E0B /* AuthService.swift */ = {isa = PBXFileReference; fileEncoding = 4; lastKnownFileType = sourcecode.swift; path = AuthService.swift; sourceTree = "<group>"; };
		724B61262C64F648000B4E0B /* Constants.swift */ = {isa = PBXFileReference; fileEncoding = 4; lastKnownFileType = sourcecode.swift; path = Constants.swift; sourceTree = "<group>"; };
		724B61272C64F648000B4E0B /* Endpoints.swift */ = {isa = PBXFileReference; fileEncoding = 4; lastKnownFileType = sourcecode.swift; path = Endpoints.swift; sourceTree = "<group>"; };
		724B61282C64F648000B4E0B /* HTTP.swift */ = {isa = PBXFileReference; fileEncoding = 4; lastKnownFileType = sourcecode.swift; path = HTTP.swift; sourceTree = "<group>"; };
		7266FC3C2C650D5C005C6BDD /* ProductViewController.swift */ = {isa = PBXFileReference; lastKnownFileType = sourcecode.swift; path = ProductViewController.swift; sourceTree = "<group>"; };
		7266FC3F2C6513BF005C6BDD /* ProductsViewController.swift */ = {isa = PBXFileReference; lastKnownFileType = sourcecode.swift; path = ProductsViewController.swift; sourceTree = "<group>"; };
		726A25752C661D500002E858 /* Product.swift */ = {isa = PBXFileReference; lastKnownFileType = sourcecode.swift; path = Product.swift; sourceTree = "<group>"; };
		7289E0242C6CAF31001D3899 /* AddProductSheetViewController1.swift */ = {isa = PBXFileReference; lastKnownFileType = sourcecode.swift; path = AddProductSheetViewController1.swift; sourceTree = "<group>"; };
		72B7D8572C6902FE00E9F938 /* EditSubcategorySheetViewController.swift */ = {isa = PBXFileReference; lastKnownFileType = sourcecode.swift; path = EditSubcategorySheetViewController.swift; sourceTree = "<group>"; };
		72C2BBBF2C677AAF00D9F53E /* RightBarButton.swift */ = {isa = PBXFileReference; lastKnownFileType = sourcecode.swift; path = RightBarButton.swift; sourceTree = "<group>"; };
		72C2BBC52C67835A00D9F53E /* WishlistViewController.swift */ = {isa = PBXFileReference; lastKnownFileType = sourcecode.swift; path = WishlistViewController.swift; sourceTree = "<group>"; };
		72E633042C68D00900C47D6D /* AddSubcategorySheetViewController.swift */ = {isa = PBXFileReference; lastKnownFileType = sourcecode.swift; path = AddSubcategorySheetViewController.swift; sourceTree = "<group>"; };
/* End PBXFileReference section */

/* Begin PBXFrameworksBuildPhase section */
		72309BF92C64F49900880153 /* Frameworks */ = {
			isa = PBXFrameworksBuildPhase;
			buildActionMask = 2147483647;
			files = (
				726A25732C65F07D0002E858 /* Kingfisher in Frameworks */,
			);
			runOnlyForDeploymentPostprocessing = 0;
		};
/* End PBXFrameworksBuildPhase section */

/* Begin PBXGroup section */
		72120C762C6CF1F200EB46EE /* AddProductSheets */ = {
			isa = PBXGroup;
			children = (
				7289E0242C6CAF31001D3899 /* AddProductSheetViewController1.swift */,
				72120C772C6CF4A300EB46EE /* AddProductSheetViewController2.swift */,
			);
			path = AddProductSheets;
			sourceTree = "<group>";
		};
		72120C7B2C6D03A400EB46EE /* Labels */ = {
			isa = PBXGroup;
			children = (
				72120C7C2C6D03DC00EB46EE /* InstructionLabel.swift */,
				72120C7E2C6D06C300EB46EE /* MainTitleLabel.swift */,
				72120C802C6D08FF00EB46EE /* SecondaryTitleLabel.swift */,
			);
			path = Labels;
			sourceTree = "<group>";
		};
		721F02D52C64F55200A98803 /* AuthenticationControllers */ = {
			isa = PBXGroup;
			children = (
				721F02DA2C64F55200A98803 /* OnboardViewController.swift */,
				721F02D32C64F55200A98803 /* LoginViewController.swift */,
				721F02D42C64F55200A98803 /* SignupViewController.swift */,
			);
			path = AuthenticationControllers;
			sourceTree = "<group>";
		};
		721F02DE2C64F55200A98803 /* Controllers */ = {
			isa = PBXGroup;
			children = (
				721F02D52C64F55200A98803 /* AuthenticationControllers */,
				724B61302C64FB8F000B4E0B /* CategoriesControllers */,
				724B61312C64FBAF000B4E0B /* SubcategoryControllers */,
				7266FC3E2C651390005C6BDD /* ProductsControllers */,
				72C2BBC42C67833E00D9F53E /* WishlistControllers */,
				72C2BBC32C677F0400D9F53E /* SettingsControllers */,
				721F02DD2C64F55200A98803 /* TabBarViewController.swift */,
			);
			path = Controllers;
			sourceTree = "<group>";
		};
		721F02EC2C64F56700A98803 /* Views */ = {
			isa = PBXGroup;
			children = (
				72120C7B2C6D03A400EB46EE /* Labels */,
				72C2BBC22C677EEA00D9F53E /* TextFields */,
				72C2BBC12C677EDB00D9F53E /* Buttons */,
			);
			path = Views;
			sourceTree = "<group>";
		};
		721F02F32C64F57D00A98803 /* Models */ = {
			isa = PBXGroup;
			children = (
				721F02F12C64F57D00A98803 /* ServerResponses.swift */,
				721F02F22C64F57D00A98803 /* SignupUserRequest.swift */,
			);
			path = Models;
			sourceTree = "<group>";
		};
		72309BF32C64F49900880153 = {
			isa = PBXGroup;
			children = (
				72309BFE2C64F49900880153 /* BeautyVault-ios */,
				72309BFD2C64F49900880153 /* Products */,
			);
			sourceTree = "<group>";
		};
		72309BFD2C64F49900880153 /* Products */ = {
			isa = PBXGroup;
			children = (
				72309BFC2C64F49900880153 /* BeautyVault-ios.app */,
			);
			name = Products;
			sourceTree = "<group>";
		};
		72309BFE2C64F49900880153 /* BeautyVault-ios */ = {
			isa = PBXGroup;
			children = (
				724B612A2C64F648000B4E0B /* Network */,
				721F02F32C64F57D00A98803 /* Models */,
				721F02EC2C64F56700A98803 /* Views */,
				721F02DE2C64F55200A98803 /* Controllers */,
				726A25742C661D150002E858 /* Common */,
				72309BFF2C64F49900880153 /* AppDelegate.swift */,
				72309C082C64F49A00880153 /* Assets.xcassets */,
				72309C0D2C64F49A00880153 /* Info.plist */,
			);
			path = "BeautyVault-ios";
			sourceTree = "<group>";
		};
		724B612A2C64F648000B4E0B /* Network */ = {
			isa = PBXGroup;
			children = (
				724B61252C64F648000B4E0B /* AuthService.swift */,
				724B61262C64F648000B4E0B /* Constants.swift */,
				724B61272C64F648000B4E0B /* Endpoints.swift */,
				724B61282C64F648000B4E0B /* HTTP.swift */,
			);
			path = Network;
			sourceTree = "<group>";
		};
		724B61302C64FB8F000B4E0B /* CategoriesControllers */ = {
			isa = PBXGroup;
			children = (
				721F02D82C64F55200A98803 /* CategoriesViewController.swift */,
				721F02D72C64F55200A98803 /* CategoriesCollectionViewCell.swift */,
			);
			path = CategoriesControllers;
			sourceTree = "<group>";
		};
		724B61312C64FBAF000B4E0B /* SubcategoryControllers */ = {
			isa = PBXGroup;
			children = (
				721F02DC2C64F55200A98803 /* SubcategoryViewController.swift */,
				72E633042C68D00900C47D6D /* AddSubcategorySheetViewController.swift */,
				72B7D8572C6902FE00E9F938 /* EditSubcategorySheetViewController.swift */,
			);
			path = SubcategoryControllers;
			sourceTree = "<group>";
		};
		7266FC3E2C651390005C6BDD /* ProductsControllers */ = {
			isa = PBXGroup;
			children = (
				7266FC3C2C650D5C005C6BDD /* ProductViewController.swift */,
				7266FC3F2C6513BF005C6BDD /* ProductsViewController.swift */,
				72120C762C6CF1F200EB46EE /* AddProductSheets */,
			);
			path = ProductsControllers;
			sourceTree = "<group>";
		};
		726A25742C661D150002E858 /* Common */ = {
			isa = PBXGroup;
			children = (
				726A25752C661D500002E858 /* Product.swift */,
			);
			path = Common;
			sourceTree = "<group>";
		};
		72C2BBC12C677EDB00D9F53E /* Buttons */ = {
			isa = PBXGroup;
			children = (
				721F02E92C64F56700A98803 /* ActionButton.swift */,
				72C2BBBF2C677AAF00D9F53E /* RightBarButton.swift */,
				724AA9FA2C6F3D9000974B3B /* BottomActionButton.swift */,
			);
			path = Buttons;
			sourceTree = "<group>";
		};
		72C2BBC22C677EEA00D9F53E /* TextFields */ = {
			isa = PBXGroup;
			children = (
				721F02EB2C64F56700A98803 /* PasswordTextField.swift */,
				721F02EA2C64F56700A98803 /* EmailTextField.swift */,
			);
			path = TextFields;
			sourceTree = "<group>";
		};
		72C2BBC32C677F0400D9F53E /* SettingsControllers */ = {
			isa = PBXGroup;
			children = (
				721F02DB2C64F55200A98803 /* SettingsViewController.swift */,
			);
			path = SettingsControllers;
			sourceTree = "<group>";
		};
		72C2BBC42C67833E00D9F53E /* WishlistControllers */ = {
			isa = PBXGroup;
			children = (
				72C2BBC52C67835A00D9F53E /* WishlistViewController.swift */,
			);
			path = WishlistControllers;
			sourceTree = "<group>";
		};
/* End PBXGroup section */

/* Begin PBXNativeTarget section */
		72309BFB2C64F49900880153 /* BeautyVault-ios */ = {
			isa = PBXNativeTarget;
			buildConfigurationList = 72309C102C64F49A00880153 /* Build configuration list for PBXNativeTarget "BeautyVault-ios" */;
			buildPhases = (
				72309BF82C64F49900880153 /* Sources */,
				72309BF92C64F49900880153 /* Frameworks */,
				72309BFA2C64F49900880153 /* Resources */,
			);
			buildRules = (
			);
			dependencies = (
			);
			name = "BeautyVault-ios";
			packageProductDependencies = (
				726A25722C65F07D0002E858 /* Kingfisher */,
			);
			productName = "BeautyVault-ios";
			productReference = 72309BFC2C64F49900880153 /* BeautyVault-ios.app */;
			productType = "com.apple.product-type.application";
		};
/* End PBXNativeTarget section */

/* Begin PBXProject section */
		72309BF42C64F49900880153 /* Project object */ = {
			isa = PBXProject;
			attributes = {
				BuildIndependentTargetsInParallel = 1;
				LastSwiftUpdateCheck = 1540;
				LastUpgradeCheck = 1540;
				TargetAttributes = {
					72309BFB2C64F49900880153 = {
						CreatedOnToolsVersion = 15.4;
					};
				};
			};
			buildConfigurationList = 72309BF72C64F49900880153 /* Build configuration list for PBXProject "BeautyVault-ios" */;
			compatibilityVersion = "Xcode 14.0";
			developmentRegion = en;
			hasScannedForEncodings = 0;
			knownRegions = (
				en,
				Base,
			);
			mainGroup = 72309BF32C64F49900880153;
			packageReferences = (
				726A25712C65F07D0002E858 /* XCRemoteSwiftPackageReference "Kingfisher" */,
			);
			productRefGroup = 72309BFD2C64F49900880153 /* Products */;
			projectDirPath = "";
			projectRoot = "";
			targets = (
				72309BFB2C64F49900880153 /* BeautyVault-ios */,
			);
		};
/* End PBXProject section */

/* Begin PBXResourcesBuildPhase section */
		72309BFA2C64F49900880153 /* Resources */ = {
			isa = PBXResourcesBuildPhase;
			buildActionMask = 2147483647;
			files = (
				72309C092C64F49A00880153 /* Assets.xcassets in Resources */,
			);
			runOnlyForDeploymentPostprocessing = 0;
		};
/* End PBXResourcesBuildPhase section */

/* Begin PBXSourcesBuildPhase section */
		72309BF82C64F49900880153 /* Sources */ = {
			isa = PBXSourcesBuildPhase;
			buildActionMask = 2147483647;
			files = (
				721F02DF2C64F55200A98803 /* LoginViewController.swift in Sources */,
				724AA9FB2C6F3D9000974B3B /* BottomActionButton.swift in Sources */,
				72120C782C6CF4A300EB46EE /* AddProductSheetViewController2.swift in Sources */,
				72120C812C6D08FF00EB46EE /* SecondaryTitleLabel.swift in Sources */,
				721F02E22C64F55200A98803 /* CategoriesCollectionViewCell.swift in Sources */,
				72C2BBC02C677AAF00D9F53E /* RightBarButton.swift in Sources */,
				72E633052C68D00900C47D6D /* AddSubcategorySheetViewController.swift in Sources */,
				721F02EE2C64F56700A98803 /* EmailTextField.swift in Sources */,
				72120C7D2C6D03DC00EB46EE /* InstructionLabel.swift in Sources */,
				721F02E72C64F55200A98803 /* SubcategoryViewController.swift in Sources */,
				721F02F62C64F57D00A98803 /* SignupUserRequest.swift in Sources */,
				724B612B2C64F648000B4E0B /* AuthService.swift in Sources */,
				721F02E62C64F55200A98803 /* SettingsViewController.swift in Sources */,
				721F02E02C64F55200A98803 /* SignupViewController.swift in Sources */,
				7289E0252C6CAF31001D3899 /* AddProductSheetViewController1.swift in Sources */,
				7266FC402C6513BF005C6BDD /* ProductsViewController.swift in Sources */,
				724B612D2C64F648000B4E0B /* Endpoints.swift in Sources */,
				72309C002C64F49900880153 /* AppDelegate.swift in Sources */,
				726A25762C661D500002E858 /* Product.swift in Sources */,
				721F02F52C64F57D00A98803 /* ServerResponses.swift in Sources */,
				721F02E52C64F55200A98803 /* OnboardViewController.swift in Sources */,
				72120C7F2C6D06C300EB46EE /* MainTitleLabel.swift in Sources */,
				724B612E2C64F648000B4E0B /* HTTP.swift in Sources */,
				721F02E82C64F55200A98803 /* TabBarViewController.swift in Sources */,
				724B612C2C64F648000B4E0B /* Constants.swift in Sources */,
				721F02E32C64F55200A98803 /* CategoriesViewController.swift in Sources */,
				721F02EF2C64F56700A98803 /* PasswordTextField.swift in Sources */,
				7266FC3D2C650D5C005C6BDD /* ProductViewController.swift in Sources */,
				721F02ED2C64F56700A98803 /* ActionButton.swift in Sources */,
				72C2BBC62C67835A00D9F53E /* WishlistViewController.swift in Sources */,
				72B7D8582C6902FE00E9F938 /* EditSubcategorySheetViewController.swift in Sources */,
			);
			runOnlyForDeploymentPostprocessing = 0;
		};
/* End PBXSourcesBuildPhase section */

/* Begin XCBuildConfiguration section */
		72309C0E2C64F49A00880153 /* Debug */ = {
			isa = XCBuildConfiguration;
			buildSettings = {
				ALWAYS_SEARCH_USER_PATHS = NO;
				ASSETCATALOG_COMPILER_GENERATE_SWIFT_ASSET_SYMBOL_EXTENSIONS = YES;
				CLANG_ANALYZER_NONNULL = YES;
				CLANG_ANALYZER_NUMBER_OBJECT_CONVERSION = YES_AGGRESSIVE;
				CLANG_CXX_LANGUAGE_STANDARD = "gnu++20";
				CLANG_ENABLE_MODULES = YES;
				CLANG_ENABLE_OBJC_ARC = YES;
				CLANG_ENABLE_OBJC_WEAK = YES;
				CLANG_WARN_BLOCK_CAPTURE_AUTORELEASING = YES;
				CLANG_WARN_BOOL_CONVERSION = YES;
				CLANG_WARN_COMMA = YES;
				CLANG_WARN_CONSTANT_CONVERSION = YES;
				CLANG_WARN_DEPRECATED_OBJC_IMPLEMENTATIONS = YES;
				CLANG_WARN_DIRECT_OBJC_ISA_USAGE = YES_ERROR;
				CLANG_WARN_DOCUMENTATION_COMMENTS = YES;
				CLANG_WARN_EMPTY_BODY = YES;
				CLANG_WARN_ENUM_CONVERSION = YES;
				CLANG_WARN_INFINITE_RECURSION = YES;
				CLANG_WARN_INT_CONVERSION = YES;
				CLANG_WARN_NON_LITERAL_NULL_CONVERSION = YES;
				CLANG_WARN_OBJC_IMPLICIT_RETAIN_SELF = YES;
				CLANG_WARN_OBJC_LITERAL_CONVERSION = YES;
				CLANG_WARN_OBJC_ROOT_CLASS = YES_ERROR;
				CLANG_WARN_QUOTED_INCLUDE_IN_FRAMEWORK_HEADER = YES;
				CLANG_WARN_RANGE_LOOP_ANALYSIS = YES;
				CLANG_WARN_STRICT_PROTOTYPES = YES;
				CLANG_WARN_SUSPICIOUS_MOVE = YES;
				CLANG_WARN_UNGUARDED_AVAILABILITY = YES_AGGRESSIVE;
				CLANG_WARN_UNREACHABLE_CODE = YES;
				CLANG_WARN__DUPLICATE_METHOD_MATCH = YES;
				COPY_PHASE_STRIP = NO;
				DEBUG_INFORMATION_FORMAT = dwarf;
				ENABLE_STRICT_OBJC_MSGSEND = YES;
				ENABLE_TESTABILITY = YES;
				ENABLE_USER_SCRIPT_SANDBOXING = YES;
				GCC_C_LANGUAGE_STANDARD = gnu17;
				GCC_DYNAMIC_NO_PIC = NO;
				GCC_NO_COMMON_BLOCKS = YES;
				GCC_OPTIMIZATION_LEVEL = 0;
				GCC_PREPROCESSOR_DEFINITIONS = (
					"DEBUG=1",
					"$(inherited)",
				);
				GCC_WARN_64_TO_32_BIT_CONVERSION = YES;
				GCC_WARN_ABOUT_RETURN_TYPE = YES_ERROR;
				GCC_WARN_UNDECLARED_SELECTOR = YES;
				GCC_WARN_UNINITIALIZED_AUTOS = YES_AGGRESSIVE;
				GCC_WARN_UNUSED_FUNCTION = YES;
				GCC_WARN_UNUSED_VARIABLE = YES;
				IPHONEOS_DEPLOYMENT_TARGET = 17.5;
				LOCALIZATION_PREFERS_STRING_CATALOGS = YES;
				MTL_ENABLE_DEBUG_INFO = INCLUDE_SOURCE;
				MTL_FAST_MATH = YES;
				ONLY_ACTIVE_ARCH = YES;
				SDKROOT = iphoneos;
				SWIFT_ACTIVE_COMPILATION_CONDITIONS = "DEBUG $(inherited)";
				SWIFT_OPTIMIZATION_LEVEL = "-Onone";
			};
			name = Debug;
		};
		72309C0F2C64F49A00880153 /* Release */ = {
			isa = XCBuildConfiguration;
			buildSettings = {
				ALWAYS_SEARCH_USER_PATHS = NO;
				ASSETCATALOG_COMPILER_GENERATE_SWIFT_ASSET_SYMBOL_EXTENSIONS = YES;
				CLANG_ANALYZER_NONNULL = YES;
				CLANG_ANALYZER_NUMBER_OBJECT_CONVERSION = YES_AGGRESSIVE;
				CLANG_CXX_LANGUAGE_STANDARD = "gnu++20";
				CLANG_ENABLE_MODULES = YES;
				CLANG_ENABLE_OBJC_ARC = YES;
				CLANG_ENABLE_OBJC_WEAK = YES;
				CLANG_WARN_BLOCK_CAPTURE_AUTORELEASING = YES;
				CLANG_WARN_BOOL_CONVERSION = YES;
				CLANG_WARN_COMMA = YES;
				CLANG_WARN_CONSTANT_CONVERSION = YES;
				CLANG_WARN_DEPRECATED_OBJC_IMPLEMENTATIONS = YES;
				CLANG_WARN_DIRECT_OBJC_ISA_USAGE = YES_ERROR;
				CLANG_WARN_DOCUMENTATION_COMMENTS = YES;
				CLANG_WARN_EMPTY_BODY = YES;
				CLANG_WARN_ENUM_CONVERSION = YES;
				CLANG_WARN_INFINITE_RECURSION = YES;
				CLANG_WARN_INT_CONVERSION = YES;
				CLANG_WARN_NON_LITERAL_NULL_CONVERSION = YES;
				CLANG_WARN_OBJC_IMPLICIT_RETAIN_SELF = YES;
				CLANG_WARN_OBJC_LITERAL_CONVERSION = YES;
				CLANG_WARN_OBJC_ROOT_CLASS = YES_ERROR;
				CLANG_WARN_QUOTED_INCLUDE_IN_FRAMEWORK_HEADER = YES;
				CLANG_WARN_RANGE_LOOP_ANALYSIS = YES;
				CLANG_WARN_STRICT_PROTOTYPES = YES;
				CLANG_WARN_SUSPICIOUS_MOVE = YES;
				CLANG_WARN_UNGUARDED_AVAILABILITY = YES_AGGRESSIVE;
				CLANG_WARN_UNREACHABLE_CODE = YES;
				CLANG_WARN__DUPLICATE_METHOD_MATCH = YES;
				COPY_PHASE_STRIP = NO;
				DEBUG_INFORMATION_FORMAT = "dwarf-with-dsym";
				ENABLE_NS_ASSERTIONS = NO;
				ENABLE_STRICT_OBJC_MSGSEND = YES;
				ENABLE_USER_SCRIPT_SANDBOXING = YES;
				GCC_C_LANGUAGE_STANDARD = gnu17;
				GCC_NO_COMMON_BLOCKS = YES;
				GCC_WARN_64_TO_32_BIT_CONVERSION = YES;
				GCC_WARN_ABOUT_RETURN_TYPE = YES_ERROR;
				GCC_WARN_UNDECLARED_SELECTOR = YES;
				GCC_WARN_UNINITIALIZED_AUTOS = YES_AGGRESSIVE;
				GCC_WARN_UNUSED_FUNCTION = YES;
				GCC_WARN_UNUSED_VARIABLE = YES;
				IPHONEOS_DEPLOYMENT_TARGET = 17.5;
				LOCALIZATION_PREFERS_STRING_CATALOGS = YES;
				MTL_ENABLE_DEBUG_INFO = NO;
				MTL_FAST_MATH = YES;
				SDKROOT = iphoneos;
				SWIFT_COMPILATION_MODE = wholemodule;
				VALIDATE_PRODUCT = YES;
			};
			name = Release;
		};
		72309C112C64F49A00880153 /* Debug */ = {
			isa = XCBuildConfiguration;
			buildSettings = {
				ASSETCATALOG_COMPILER_APPICON_NAME = AppIcon;
				ASSETCATALOG_COMPILER_GLOBAL_ACCENT_COLOR_NAME = AccentColor;
				CODE_SIGN_STYLE = Automatic;
				CURRENT_PROJECT_VERSION = 1;
				DEVELOPMENT_TEAM = Y9AQ9V3Q2X;
				GENERATE_INFOPLIST_FILE = YES;
				INFOPLIST_FILE = "BeautyVault-ios/Info.plist";
				INFOPLIST_KEY_UIApplicationSupportsIndirectInputEvents = YES;
				INFOPLIST_KEY_UILaunchStoryboardName = LaunchScreen;
				INFOPLIST_KEY_UISupportedInterfaceOrientations_iPad = "UIInterfaceOrientationPortrait UIInterfaceOrientationPortraitUpsideDown UIInterfaceOrientationLandscapeLeft UIInterfaceOrientationLandscapeRight";
				INFOPLIST_KEY_UISupportedInterfaceOrientations_iPhone = "UIInterfaceOrientationPortrait UIInterfaceOrientationLandscapeLeft UIInterfaceOrientationLandscapeRight";
				LD_RUNPATH_SEARCH_PATHS = (
					"$(inherited)",
					"@executable_path/Frameworks",
				);
				MARKETING_VERSION = 1.0;
				PRODUCT_BUNDLE_IDENTIFIER = "co.mariobrezovecki.BeautyVault-ios";
				PRODUCT_NAME = "$(TARGET_NAME)";
				SWIFT_EMIT_LOC_STRINGS = YES;
				SWIFT_VERSION = 5.0;
				TARGETED_DEVICE_FAMILY = "1,2";
			};
			name = Debug;
		};
		72309C122C64F49A00880153 /* Release */ = {
			isa = XCBuildConfiguration;
			buildSettings = {
				ASSETCATALOG_COMPILER_APPICON_NAME = AppIcon;
				ASSETCATALOG_COMPILER_GLOBAL_ACCENT_COLOR_NAME = AccentColor;
				CODE_SIGN_STYLE = Automatic;
				CURRENT_PROJECT_VERSION = 1;
				DEVELOPMENT_TEAM = Y9AQ9V3Q2X;
				GENERATE_INFOPLIST_FILE = YES;
				INFOPLIST_FILE = "BeautyVault-ios/Info.plist";
				INFOPLIST_KEY_UIApplicationSupportsIndirectInputEvents = YES;
				INFOPLIST_KEY_UILaunchStoryboardName = LaunchScreen;
				INFOPLIST_KEY_UISupportedInterfaceOrientations_iPad = "UIInterfaceOrientationPortrait UIInterfaceOrientationPortraitUpsideDown UIInterfaceOrientationLandscapeLeft UIInterfaceOrientationLandscapeRight";
				INFOPLIST_KEY_UISupportedInterfaceOrientations_iPhone = "UIInterfaceOrientationPortrait UIInterfaceOrientationLandscapeLeft UIInterfaceOrientationLandscapeRight";
				LD_RUNPATH_SEARCH_PATHS = (
					"$(inherited)",
					"@executable_path/Frameworks",
				);
				MARKETING_VERSION = 1.0;
				PRODUCT_BUNDLE_IDENTIFIER = "co.mariobrezovecki.BeautyVault-ios";
				PRODUCT_NAME = "$(TARGET_NAME)";
				SWIFT_EMIT_LOC_STRINGS = YES;
				SWIFT_VERSION = 5.0;
				TARGETED_DEVICE_FAMILY = "1,2";
			};
			name = Release;
		};
/* End XCBuildConfiguration section */

/* Begin XCConfigurationList section */
		72309BF72C64F49900880153 /* Build configuration list for PBXProject "BeautyVault-ios" */ = {
			isa = XCConfigurationList;
			buildConfigurations = (
				72309C0E2C64F49A00880153 /* Debug */,
				72309C0F2C64F49A00880153 /* Release */,
			);
			defaultConfigurationIsVisible = 0;
			defaultConfigurationName = Release;
		};
		72309C102C64F49A00880153 /* Build configuration list for PBXNativeTarget "BeautyVault-ios" */ = {
			isa = XCConfigurationList;
			buildConfigurations = (
				72309C112C64F49A00880153 /* Debug */,
				72309C122C64F49A00880153 /* Release */,
			);
			defaultConfigurationIsVisible = 0;
			defaultConfigurationName = Release;
		};
/* End XCConfigurationList section */

/* Begin XCRemoteSwiftPackageReference section */
		726A25712C65F07D0002E858 /* XCRemoteSwiftPackageReference "Kingfisher" */ = {
			isa = XCRemoteSwiftPackageReference;
			repositoryURL = "https://github.com/onevcat/Kingfisher.git";
			requirement = {
				kind = upToNextMajorVersion;
				minimumVersion = 7.12.0;
			};
		};
/* End XCRemoteSwiftPackageReference section */

/* Begin XCSwiftPackageProductDependency section */
		726A25722C65F07D0002E858 /* Kingfisher */ = {
			isa = XCSwiftPackageProductDependency;
			package = 726A25712C65F07D0002E858 /* XCRemoteSwiftPackageReference "Kingfisher" */;
			productName = Kingfisher;
		};
/* End XCSwiftPackageProductDependency section */
	};
	rootObject = 72309BF42C64F49900880153 /* Project object */;
}
